
Microsoft Visual Studio Solution File, Format Version 12.00
# Visual Studio Version 16
VisualStudioVersion = 16.0.29709.97
MinimumVisualStudioVersion = 10.0.40219.1
Project("{FAE04EC0-301F-11D3-BF4B-00C04F79EFBC}") = "ConsoleApp1Test", "ConsoleApp1Test\ConsoleApp1Test.csproj", "{C15A3988-E8F2-4886-A69E-8DC9011D382C}"
EndProject
Global
	GlobalSection(SolutionConfigurationPlatforms) = preSolution
		Debug|Any CPU = Debug|Any CPU
		Release|Any CPU = Release|Any CPU
	EndGlobalSection
	GlobalSection(ProjectConfigurationPlatforms) = postSolution
		{C15A3988-E8F2-4886-A69E-8DC9011D382C}.Debug|Any CPU.ActiveCfg = Debug|Any CPU
		{C15A3988-E8F2-4886-A69E-8DC9011D382C}.Debug|Any CPU.Build.0 = Debug|Any CPU
		{C15A3988-E8F2-4886-A69E-8DC9011D382C}.Release|Any CPU.ActiveCfg = Release|Any CPU
		{C15A3988-E8F2-4886-A69E-8DC9011D382C}.Release|Any CPU.Build.0 = Release|Any CPU
	EndGlobalSection
	GlobalSection(SolutionProperties) = preSolution
		HideSolutionNode = FALSE
	EndGlobalSection
	GlobalSection(ExtensibilityGlobals) = postSolution
		SolutionGuid = {F7EE2A5C-37D6-4D5F-9558-34EC9AADE24E}
	EndGlobalSection
EndGlobal
